// !$*UTF8*$!
{
	archiveVersion = 1;
	classes = {
	};
	objectVersion = 46;
	objects = {

/* Begin PBXBuildFile section */
		634C36E416C45FAA00E40271 /* UIKit.framework in Frameworks */ = {isa = PBXBuildFile; fileRef = 634C36E316C45FAA00E40271 /* UIKit.framework */; };
		634C36E616C45FAA00E40271 /* Foundation.framework in Frameworks */ = {isa = PBXBuildFile; fileRef = 634C36E516C45FAA00E40271 /* Foundation.framework */; };
		634C36E816C45FAA00E40271 /* CoreGraphics.framework in Frameworks */ = {isa = PBXBuildFile; fileRef = 634C36E716C45FAA00E40271 /* CoreGraphics.framework */; };
		634C36EA16C45FAA00E40271 /* CoreData.framework in Frameworks */ = {isa = PBXBuildFile; fileRef = 634C36E916C45FAA00E40271 /* CoreData.framework */; };
		634C36F016C45FAA00E40271 /* InfoPlist.strings in Resources */ = {isa = PBXBuildFile; fileRef = 634C36EE16C45FAA00E40271 /* InfoPlist.strings */; };
		634C36F216C45FAA00E40271 /* main.m in Sources */ = {isa = PBXBuildFile; fileRef = 634C36F116C45FAA00E40271 /* main.m */; };
		634C36F616C45FAA00E40271 /* AppDelegate.m in Sources */ = {isa = PBXBuildFile; fileRef = 634C36F516C45FAA00E40271 /* AppDelegate.m */; };
		634C36F816C45FAA00E40271 /* Default.png in Resources */ = {isa = PBXBuildFile; fileRef = 634C36F716C45FAA00E40271 /* Default.png */; };
		634C36FA16C45FAA00E40271 /* Default@2x.png in Resources */ = {isa = PBXBuildFile; fileRef = 634C36F916C45FAA00E40271 /* Default@2x.png */; };
		634C36FC16C45FAA00E40271 /* Default-568h@2x.png in Resources */ = {isa = PBXBuildFile; fileRef = 634C36FB16C45FAA00E40271 /* Default-568h@2x.png */; };
		634C36FF16C45FAA00E40271 /* MainStoryboard_iPhone.storyboard in Resources */ = {isa = PBXBuildFile; fileRef = 634C36FD16C45FAA00E40271 /* MainStoryboard_iPhone.storyboard */; };
		634C370216C45FAA00E40271 /* MainStoryboard_iPad.storyboard in Resources */ = {isa = PBXBuildFile; fileRef = 634C370016C45FAA00E40271 /* MainStoryboard_iPad.storyboard */; };
		634C370516C45FAA00E40271 /* SampleApp.xcdatamodeld in Sources */ = {isa = PBXBuildFile; fileRef = 634C370316C45FAA00E40271 /* SampleApp.xcdatamodeld */; };
		634C370816C45FAA00E40271 /* MasterViewController.m in Sources */ = {isa = PBXBuildFile; fileRef = 634C370716C45FAA00E40271 /* MasterViewController.m */; };
		634C370B16C45FAA00E40271 /* DetailViewController.m in Sources */ = {isa = PBXBuildFile; fileRef = 634C370A16C45FAA00E40271 /* DetailViewController.m */; };
		634C371316C45FAA00E40271 /* SenTestingKit.framework in Frameworks */ = {isa = PBXBuildFile; fileRef = 634C371216C45FAA00E40271 /* SenTestingKit.framework */; };
		634C371416C45FAA00E40271 /* UIKit.framework in Frameworks */ = {isa = PBXBuildFile; fileRef = 634C36E316C45FAA00E40271 /* UIKit.framework */; };
		634C371516C45FAA00E40271 /* Foundation.framework in Frameworks */ = {isa = PBXBuildFile; fileRef = 634C36E516C45FAA00E40271 /* Foundation.framework */; };
		634C371616C45FAA00E40271 /* CoreData.framework in Frameworks */ = {isa = PBXBuildFile; fileRef = 634C36E916C45FAA00E40271 /* CoreData.framework */; };
		634C371E16C45FAA00E40271 /* InfoPlist.strings in Resources */ = {isa = PBXBuildFile; fileRef = 634C371C16C45FAA00E40271 /* InfoPlist.strings */; };
		634C372116C45FAA00E40271 /* SampleAppTests.m in Sources */ = {isa = PBXBuildFile; fileRef = 634C372016C45FAA00E40271 /* SampleAppTests.m */; };
/* End PBXBuildFile section */

/* Begin PBXContainerItemProxy section */
		634C371716C45FAA00E40271 /* PBXContainerItemProxy */ = {
			isa = PBXContainerItemProxy;
			containerPortal = 634C36D816C45FAA00E40271 /* Project object */;
			proxyType = 1;
			remoteGlobalIDString = 634C36DF16C45FAA00E40271;
			remoteInfo = SampleApp;
		};
/* End PBXContainerItemProxy section */

/* Begin PBXFileReference section */
		634C36E016C45FAA00E40271 /* SampleApp.app */ = {isa = PBXFileReference; explicitFileType = wrapper.application; includeInIndex = 0; path = SampleApp.app; sourceTree = BUILT_PRODUCTS_DIR; };
		634C36E316C45FAA00E40271 /* UIKit.framework */ = {isa = PBXFileReference; lastKnownFileType = wrapper.framework; name = UIKit.framework; path = System/Library/Frameworks/UIKit.framework; sourceTree = SDKROOT; };
		634C36E516C45FAA00E40271 /* Foundation.framework */ = {isa = PBXFileReference; lastKnownFileType = wrapper.framework; name = Foundation.framework; path = System/Library/Frameworks/Foundation.framework; sourceTree = SDKROOT; };
		634C36E716C45FAA00E40271 /* CoreGraphics.framework */ = {isa = PBXFileReference; lastKnownFileType = wrapper.framework; name = CoreGraphics.framework; path = System/Library/Frameworks/CoreGraphics.framework; sourceTree = SDKROOT; };
		634C36E916C45FAA00E40271 /* CoreData.framework */ = {isa = PBXFileReference; lastKnownFileType = wrapper.framework; name = CoreData.framework; path = System/Library/Frameworks/CoreData.framework; sourceTree = SDKROOT; };
		634C36ED16C45FAA00E40271 /* SampleApp-Info.plist */ = {isa = PBXFileReference; lastKnownFileType = text.plist.xml; path = "SampleApp-Info.plist"; sourceTree = "<group>"; };
		634C36EF16C45FAA00E40271 /* en */ = {isa = PBXFileReference; lastKnownFileType = text.plist.strings; name = en; path = en.lproj/InfoPlist.strings; sourceTree = "<group>"; };
		634C36F116C45FAA00E40271 /* main.m */ = {isa = PBXFileReference; lastKnownFileType = sourcecode.c.objc; path = main.m; sourceTree = "<group>"; };
		634C36F316C45FAA00E40271 /* SampleApp-Prefix.pch */ = {isa = PBXFileReference; lastKnownFileType = sourcecode.c.h; path = "SampleApp-Prefix.pch"; sourceTree = "<group>"; };
		634C36F416C45FAA00E40271 /* AppDelegate.h */ = {isa = PBXFileReference; lastKnownFileType = sourcecode.c.h; path = AppDelegate.h; sourceTree = "<group>"; };
		634C36F516C45FAA00E40271 /* AppDelegate.m */ = {isa = PBXFileReference; lastKnownFileType = sourcecode.c.objc; path = AppDelegate.m; sourceTree = "<group>"; };
		634C36F716C45FAA00E40271 /* Default.png */ = {isa = PBXFileReference; lastKnownFileType = image.png; path = Default.png; sourceTree = "<group>"; };
		634C36F916C45FAA00E40271 /* Default@2x.png */ = {isa = PBXFileReference; lastKnownFileType = image.png; path = "Default@2x.png"; sourceTree = "<group>"; };
		634C36FB16C45FAA00E40271 /* Default-568h@2x.png */ = {isa = PBXFileReference; lastKnownFileType = image.png; path = "Default-568h@2x.png"; sourceTree = "<group>"; };
		634C36FE16C45FAA00E40271 /* en */ = {isa = PBXFileReference; lastKnownFileType = file.storyboard; name = en; path = en.lproj/MainStoryboard_iPhone.storyboard; sourceTree = "<group>"; };
		634C370116C45FAA00E40271 /* en */ = {isa = PBXFileReference; lastKnownFileType = file.storyboard; name = en; path = en.lproj/MainStoryboard_iPad.storyboard; sourceTree = "<group>"; };
		634C370416C45FAA00E40271 /* SampleApp.xcdatamodel */ = {isa = PBXFileReference; lastKnownFileType = wrapper.xcdatamodel; path = SampleApp.xcdatamodel; sourceTree = "<group>"; };
		634C370616C45FAA00E40271 /* MasterViewController.h */ = {isa = PBXFileReference; lastKnownFileType = sourcecode.c.h; path = MasterViewController.h; sourceTree = "<group>"; };
		634C370716C45FAA00E40271 /* MasterViewController.m */ = {isa = PBXFileReference; lastKnownFileType = sourcecode.c.objc; path = MasterViewController.m; sourceTree = "<group>"; };
		634C370916C45FAA00E40271 /* DetailViewController.h */ = {isa = PBXFileReference; lastKnownFileType = sourcecode.c.h; path = DetailViewController.h; sourceTree = "<group>"; };
		634C370A16C45FAA00E40271 /* DetailViewController.m */ = {isa = PBXFileReference; lastKnownFileType = sourcecode.c.objc; path = DetailViewController.m; sourceTree = "<group>"; };
		634C371116C45FAA00E40271 /* SampleAppTests.octest */ = {isa = PBXFileReference; explicitFileType = wrapper.cfbundle; includeInIndex = 0; path = SampleAppTests.octest; sourceTree = BUILT_PRODUCTS_DIR; };
		634C371216C45FAA00E40271 /* SenTestingKit.framework */ = {isa = PBXFileReference; lastKnownFileType = wrapper.framework; name = SenTestingKit.framework; path = Library/Frameworks/SenTestingKit.framework; sourceTree = DEVELOPER_DIR; };
		634C371B16C45FAA00E40271 /* SampleAppTests-Info.plist */ = {isa = PBXFileReference; lastKnownFileType = text.plist.xml; path = "SampleAppTests-Info.plist"; sourceTree = "<group>"; };
		634C371D16C45FAA00E40271 /* en */ = {isa = PBXFileReference; lastKnownFileType = text.plist.strings; name = en; path = en.lproj/InfoPlist.strings; sourceTree = "<group>"; };
		634C371F16C45FAA00E40271 /* SampleAppTests.h */ = {isa = PBXFileReference; lastKnownFileType = sourcecode.c.h; path = SampleAppTests.h; sourceTree = "<group>"; };
		634C372016C45FAA00E40271 /* SampleAppTests.m */ = {isa = PBXFileReference; lastKnownFileType = sourcecode.c.objc; path = SampleAppTests.m; sourceTree = "<group>"; };
/* End PBXFileReference section */

/* Begin PBXFrameworksBuildPhase section */
		634C36DD16C45FAA00E40271 /* Frameworks */ = {
			isa = PBXFrameworksBuildPhase;
			buildActionMask = 2147483647;
			files = (
				634C36E416C45FAA00E40271 /* UIKit.framework in Frameworks */,
				634C36E616C45FAA00E40271 /* Foundation.framework in Frameworks */,
				634C36E816C45FAA00E40271 /* CoreGraphics.framework in Frameworks */,
				634C36EA16C45FAA00E40271 /* CoreData.framework in Frameworks */,
			);
			runOnlyForDeploymentPostprocessing = 0;
		};
		634C370D16C45FAA00E40271 /* Frameworks */ = {
			isa = PBXFrameworksBuildPhase;
			buildActionMask = 2147483647;
			files = (
				634C371316C45FAA00E40271 /* SenTestingKit.framework in Frameworks */,
				634C371416C45FAA00E40271 /* UIKit.framework in Frameworks */,
				634C371516C45FAA00E40271 /* Foundation.framework in Frameworks */,
				634C371616C45FAA00E40271 /* CoreData.framework in Frameworks */,
			);
			runOnlyForDeploymentPostprocessing = 0;
		};
/* End PBXFrameworksBuildPhase section */

/* Begin PBXGroup section */
		634C36D716C45FAA00E40271 = {
			isa = PBXGroup;
			children = (
				634C36EB16C45FAA00E40271 /* SampleApp */,
				634C371916C45FAA00E40271 /* SampleAppTests */,
				634C36E216C45FAA00E40271 /* Frameworks */,
				634C36E116C45FAA00E40271 /* Products */,
			);
			sourceTree = "<group>";
		};
		634C36E116C45FAA00E40271 /* Products */ = {
			isa = PBXGroup;
			children = (
				634C36E016C45FAA00E40271 /* SampleApp.app */,
				634C371116C45FAA00E40271 /* SampleAppTests.octest */,
			);
			name = Products;
			sourceTree = "<group>";
		};
		634C36E216C45FAA00E40271 /* Frameworks */ = {
			isa = PBXGroup;
			children = (
				634C36E316C45FAA00E40271 /* UIKit.framework */,
				634C36E516C45FAA00E40271 /* Foundation.framework */,
				634C36E716C45FAA00E40271 /* CoreGraphics.framework */,
				634C36E916C45FAA00E40271 /* CoreData.framework */,
				634C371216C45FAA00E40271 /* SenTestingKit.framework */,
			);
			name = Frameworks;
			sourceTree = "<group>";
		};
		634C36EB16C45FAA00E40271 /* SampleApp */ = {
			isa = PBXGroup;
			children = (
				634C36F416C45FAA00E40271 /* AppDelegate.h */,
				634C36F516C45FAA00E40271 /* AppDelegate.m */,
				634C36FD16C45FAA00E40271 /* MainStoryboard_iPhone.storyboard */,
				634C370016C45FAA00E40271 /* MainStoryboard_iPad.storyboard */,
				634C370616C45FAA00E40271 /* MasterViewController.h */,
				634C370716C45FAA00E40271 /* MasterViewController.m */,
				634C370916C45FAA00E40271 /* DetailViewController.h */,
				634C370A16C45FAA00E40271 /* DetailViewController.m */,
				634C370316C45FAA00E40271 /* SampleApp.xcdatamodeld */,
				634C36EC16C45FAA00E40271 /* Supporting Files */,
			);
			path = SampleApp;
			sourceTree = "<group>";
		};
		634C36EC16C45FAA00E40271 /* Supporting Files */ = {
			isa = PBXGroup;
			children = (
				634C36ED16C45FAA00E40271 /* SampleApp-Info.plist */,
				634C36EE16C45FAA00E40271 /* InfoPlist.strings */,
				634C36F116C45FAA00E40271 /* main.m */,
				634C36F316C45FAA00E40271 /* SampleApp-Prefix.pch */,
				634C36F716C45FAA00E40271 /* Default.png */,
				634C36F916C45FAA00E40271 /* Default@2x.png */,
				634C36FB16C45FAA00E40271 /* Default-568h@2x.png */,
			);
			name = "Supporting Files";
			sourceTree = "<group>";
		};
		634C371916C45FAA00E40271 /* SampleAppTests */ = {
			isa = PBXGroup;
			children = (
				634C371F16C45FAA00E40271 /* SampleAppTests.h */,
				634C372016C45FAA00E40271 /* SampleAppTests.m */,
				634C371A16C45FAA00E40271 /* Supporting Files */,
			);
			path = SampleAppTests;
			sourceTree = "<group>";
		};
		634C371A16C45FAA00E40271 /* Supporting Files */ = {
			isa = PBXGroup;
			children = (
				634C371B16C45FAA00E40271 /* SampleAppTests-Info.plist */,
				634C371C16C45FAA00E40271 /* InfoPlist.strings */,
			);
			name = "Supporting Files";
			sourceTree = "<group>";
		};
/* End PBXGroup section */

/* Begin PBXNativeTarget section */
		634C36DF16C45FAA00E40271 /* SampleApp */ = {
			isa = PBXNativeTarget;
			buildConfigurationList = 634C372416C45FAA00E40271 /* Build configuration list for PBXNativeTarget "SampleApp" */;
			buildPhases = (
				634C36DC16C45FAA00E40271 /* Sources */,
				634C36DD16C45FAA00E40271 /* Frameworks */,
				634C36DE16C45FAA00E40271 /* Resources */,
			);
			buildRules = (
			);
			dependencies = (
			);
			name = SampleApp;
			productName = SampleApp;
			productReference = 634C36E016C45FAA00E40271 /* SampleApp.app */;
			productType = "com.apple.product-type.application";
		};
		634C371016C45FAA00E40271 /* SampleAppTests */ = {
			isa = PBXNativeTarget;
			buildConfigurationList = 634C372716C45FAA00E40271 /* Build configuration list for PBXNativeTarget "SampleAppTests" */;
			buildPhases = (
				634C370C16C45FAA00E40271 /* Sources */,
				634C370D16C45FAA00E40271 /* Frameworks */,
				634C370E16C45FAA00E40271 /* Resources */,
				634C370F16C45FAA00E40271 /* ShellScript */,
			);
			buildRules = (
			);
			dependencies = (
				634C371816C45FAA00E40271 /* PBXTargetDependency */,
			);
			name = SampleAppTests;
			productName = SampleAppTests;
			productReference = 634C371116C45FAA00E40271 /* SampleAppTests.octest */;
			productType = "com.apple.product-type.bundle";
		};
/* End PBXNativeTarget section */

/* Begin PBXProject section */
		634C36D816C45FAA00E40271 /* Project object */ = {
			isa = PBXProject;
			attributes = {
				LastUpgradeCheck = 0460;
				ORGANIZATIONNAME = "Nima Vadiee";
			};
			buildConfigurationList = 634C36DB16C45FAA00E40271 /* Build configuration list for PBXProject "SampleApp" */;
			compatibilityVersion = "Xcode 3.2";
			developmentRegion = English;
			hasScannedForEncodings = 0;
			knownRegions = (
				en,
			);
			mainGroup = 634C36D716C45FAA00E40271;
			productRefGroup = 634C36E116C45FAA00E40271 /* Products */;
			projectDirPath = "";
			projectRoot = "";
			targets = (
				634C36DF16C45FAA00E40271 /* SampleApp */,
				634C371016C45FAA00E40271 /* SampleAppTests */,
			);
		};
/* End PBXProject section */

/* Begin PBXResourcesBuildPhase section */
		634C36DE16C45FAA00E40271 /* Resources */ = {
			isa = PBXResourcesBuildPhase;
			buildActionMask = 2147483647;
			files = (
				634C36F016C45FAA00E40271 /* InfoPlist.strings in Resources */,
				634C36F816C45FAA00E40271 /* Default.png in Resources */,
				634C36FA16C45FAA00E40271 /* Default@2x.png in Resources */,
				634C36FC16C45FAA00E40271 /* Default-568h@2x.png in Resources */,
				634C36FF16C45FAA00E40271 /* MainStoryboard_iPhone.storyboard in Resources */,
				634C370216C45FAA00E40271 /* MainStoryboard_iPad.storyboard in Resources */,
			);
			runOnlyForDeploymentPostprocessing = 0;
		};
		634C370E16C45FAA00E40271 /* Resources */ = {
			isa = PBXResourcesBuildPhase;
			buildActionMask = 2147483647;
			files = (
				634C371E16C45FAA00E40271 /* InfoPlist.strings in Resources */,
			);
			runOnlyForDeploymentPostprocessing = 0;
		};
/* End PBXResourcesBuildPhase section */

/* Begin PBXShellScriptBuildPhase section */
		634C370F16C45FAA00E40271 /* ShellScript */ = {
			isa = PBXShellScriptBuildPhase;
			buildActionMask = 2147483647;
			files = (
			);
			inputPaths = (
			);
			outputPaths = (
			);
			runOnlyForDeploymentPostprocessing = 0;
			shellPath = /bin/sh;
			shellScript = "# Run the unit tests in this test bundle.\n\"${SYSTEM_DEVELOPER_DIR}/Tools/RunUnitTests\"\n";
		};
/* End PBXShellScriptBuildPhase section */

/* Begin PBXSourcesBuildPhase section */
		634C36DC16C45FAA00E40271 /* Sources */ = {
			isa = PBXSourcesBuildPhase;
			buildActionMask = 2147483647;
			files = (
				634C36F216C45FAA00E40271 /* main.m in Sources */,
				634C36F616C45FAA00E40271 /* AppDelegate.m in Sources */,
				634C370516C45FAA00E40271 /* SampleApp.xcdatamodeld in Sources */,
				634C370816C45FAA00E40271 /* MasterViewController.m in Sources */,
				634C370B16C45FAA00E40271 /* DetailViewController.m in Sources */,
			);
			runOnlyForDeploymentPostprocessing = 0;
		};
		634C370C16C45FAA00E40271 /* Sources */ = {
			isa = PBXSourcesBuildPhase;
			buildActionMask = 2147483647;
			files = (
				634C372116C45FAA00E40271 /* SampleAppTests.m in Sources */,
			);
			runOnlyForDeploymentPostprocessing = 0;
		};
/* End PBXSourcesBuildPhase section */

/* Begin PBXTargetDependency section */
		634C371816C45FAA00E40271 /* PBXTargetDependency */ = {
			isa = PBXTargetDependency;
			target = 634C36DF16C45FAA00E40271 /* SampleApp */;
			targetProxy = 634C371716C45FAA00E40271 /* PBXContainerItemProxy */;
		};
/* End PBXTargetDependency section */

/* Begin PBXVariantGroup section */
		634C36EE16C45FAA00E40271 /* InfoPlist.strings */ = {
			isa = PBXVariantGroup;
			children = (
				634C36EF16C45FAA00E40271 /* en */,
			);
			name = InfoPlist.strings;
			sourceTree = "<group>";
		};
		634C36FD16C45FAA00E40271 /* MainStoryboard_iPhone.storyboard */ = {
			isa = PBXVariantGroup;
			children = (
				634C36FE16C45FAA00E40271 /* en */,
			);
			name = MainStoryboard_iPhone.storyboard;
			sourceTree = "<group>";
		};
		634C370016C45FAA00E40271 /* MainStoryboard_iPad.storyboard */ = {
			isa = PBXVariantGroup;
			children = (
				634C370116C45FAA00E40271 /* en */,
			);
			name = MainStoryboard_iPad.storyboard;
			sourceTree = "<group>";
		};
		634C371C16C45FAA00E40271 /* InfoPlist.strings */ = {
			isa = PBXVariantGroup;
			children = (
				634C371D16C45FAA00E40271 /* en */,
			);
			name = InfoPlist.strings;
			sourceTree = "<group>";
		};
/* End PBXVariantGroup section */

/* Begin XCBuildConfiguration section */
		634C372216C45FAA00E40271 /* Debug */ = {
			isa = XCBuildConfiguration;
			buildSettings = {
				ALWAYS_SEARCH_USER_PATHS = NO;
				CLANG_CXX_LANGUAGE_STANDARD = "gnu++0x";
				CLANG_CXX_LIBRARY = "libc++";
				CLANG_ENABLE_OBJC_ARC = YES;
				CLANG_WARN_CONSTANT_CONVERSION = YES;
				CLANG_WARN_EMPTY_BODY = YES;
				CLANG_WARN_ENUM_CONVERSION = YES;
				CLANG_WARN_INT_CONVERSION = YES;
				CLANG_WARN__DUPLICATE_METHOD_MATCH = YES;
				"CODE_SIGN_IDENTITY[sdk=iphoneos*]" = "iPhone Developer";
				COPY_PHASE_STRIP = NO;
				GCC_C_LANGUAGE_STANDARD = gnu99;
				GCC_DYNAMIC_NO_PIC = NO;
				GCC_OPTIMIZATION_LEVEL = 0;
				GCC_PREPROCESSOR_DEFINITIONS = (
					"DEBUG=1",
					"$(inherited)",
				);
				GCC_SYMBOLS_PRIVATE_EXTERN = NO;
				GCC_WARN_ABOUT_RETURN_TYPE = YES;
				GCC_WARN_UNINITIALIZED_AUTOS = YES;
				GCC_WARN_UNUSED_VARIABLE = YES;
				IPHONEOS_DEPLOYMENT_TARGET = 6.1;
				ONLY_ACTIVE_ARCH = YES;
				SDKROOT = iphoneos;
				TARGETED_DEVICE_FAMILY = "1,2";
			};
			name = Debug;
		};
		634C372316C45FAA00E40271 /* Release */ = {
			isa = XCBuildConfiguration;
			buildSettings = {
				ALWAYS_SEARCH_USER_PATHS = NO;
				CLANG_CXX_LANGUAGE_STANDARD = "gnu++0x";
				CLANG_CXX_LIBRARY = "libc++";
				CLANG_ENABLE_OBJC_ARC = YES;
				CLANG_WARN_CONSTANT_CONVERSION = YES;
				CLANG_WARN_EMPTY_BODY = YES;
				CLANG_WARN_ENUM_CONVERSION = YES;
				CLANG_WARN_INT_CONVERSION = YES;
				CLANG_WARN__DUPLICATE_METHOD_MATCH = YES;
				"CODE_SIGN_IDENTITY[sdk=iphoneos*]" = "iPhone Developer";
				COPY_PHASE_STRIP = YES;
				GCC_C_LANGUAGE_STANDARD = gnu99;
				GCC_WARN_ABOUT_RETURN_TYPE = YES;
				GCC_WARN_UNINITIALIZED_AUTOS = YES;
				GCC_WARN_UNUSED_VARIABLE = YES;
				IPHONEOS_DEPLOYMENT_TARGET = 6.1;
				OTHER_CFLAGS = "-DNS_BLOCK_ASSERTIONS=1";
				SDKROOT = iphoneos;
				TARGETED_DEVICE_FAMILY = "1,2";
				VALIDATE_PRODUCT = YES;
			};
			name = Release;
		};
		634C372516C45FAA00E40271 /* Debug */ = {
			isa = XCBuildConfiguration;
			buildSettings = {
				GCC_PRECOMPILE_PREFIX_HEADER = YES;
				GCC_PREFIX_HEADER = "SampleApp/SampleApp-Prefix.pch";
				INFOPLIST_FILE = "SampleApp/SampleApp-Info.plist";
				PRODUCT_NAME = "$(TARGET_NAME)";
				WRAPPER_EXTENSION = app;
			};
			name = Debug;
		};
		634C372616C45FAA00E40271 /* Release */ = {
			isa = XCBuildConfiguration;
			buildSettings = {
				GCC_PRECOMPILE_PREFIX_HEADER = YES;
				GCC_PREFIX_HEADER = "SampleApp/SampleApp-Prefix.pch";
				INFOPLIST_FILE = "SampleApp/SampleApp-Info.plist";
				PRODUCT_NAME = "$(TARGET_NAME)";
				WRAPPER_EXTENSION = app;
			};
			name = Release;
		};
		634C372816C45FAA00E40271 /* Debug */ = {
			isa = XCBuildConfiguration;
			buildSettings = {
				BUNDLE_LOADER = "$(BUILT_PRODUCTS_DIR)/SampleApp.app/SampleApp";
				FRAMEWORK_SEARCH_PATHS = (
					"\"$(SDKROOT)/Developer/Library/Frameworks\"",
					"\"$(DEVELOPER_LIBRARY_DIR)/Frameworks\"",
				);
				GCC_PRECOMPILE_PREFIX_HEADER = YES;
				GCC_PREFIX_HEADER = "SampleApp/SampleApp-Prefix.pch";
				INFOPLIST_FILE = "SampleAppTests/SampleAppTests-Info.plist";
				PRODUCT_NAME = "$(TARGET_NAME)";
				TEST_HOST = "$(BUNDLE_LOADER)";
				WRAPPER_EXTENSION = octest;
			};
			name = Debug;
		};
		634C372916C45FAA00E40271 /* Release */ = {
			isa = XCBuildConfiguration;
			buildSettings = {
				BUNDLE_LOADER = "$(BUILT_PRODUCTS_DIR)/SampleApp.app/SampleApp";
				FRAMEWORK_SEARCH_PATHS = (
					"\"$(SDKROOT)/Developer/Library/Frameworks\"",
					"\"$(DEVELOPER_LIBRARY_DIR)/Frameworks\"",
				);
				GCC_PRECOMPILE_PREFIX_HEADER = YES;
				GCC_PREFIX_HEADER = "SampleApp/SampleApp-Prefix.pch";
				INFOPLIST_FILE = "SampleAppTests/SampleAppTests-Info.plist";
				PRODUCT_NAME = "$(TARGET_NAME)";
				TEST_HOST = "$(BUNDLE_LOADER)";
				WRAPPER_EXTENSION = octest;
			};
			name = Release;
		};
/* End XCBuildConfiguration section */

/* Begin XCConfigurationList section */
		634C36DB16C45FAA00E40271 /* Build configuration list for PBXProject "SampleApp" */ = {
			isa = XCConfigurationList;
			buildConfigurations = (
				634C372216C45FAA00E40271 /* Debug */,
				634C372316C45FAA00E40271 /* Release */,
			);
			defaultConfigurationIsVisible = 0;
			defaultConfigurationName = Release;
		};
		634C372416C45FAA00E40271 /* Build configuration list for PBXNativeTarget "SampleApp" */ = {
			isa = XCConfigurationList;
			buildConfigurations = (
				634C372516C45FAA00E40271 /* Debug */,
				634C372616C45FAA00E40271 /* Release */,
			);
			defaultConfigurationIsVisible = 0;
		};
		634C372716C45FAA00E40271 /* Build configuration list for PBXNativeTarget "SampleAppTests" */ = {
			isa = XCConfigurationList;
			buildConfigurations = (
				634C372816C45FAA00E40271 /* Debug */,
				634C372916C45FAA00E40271 /* Release */,
			);
			defaultConfigurationIsVisible = 0;
		};
/* End XCConfigurationList section */

/* Begin XCVersionGroup section */
		634C370316C45FAA00E40271 /* SampleApp.xcdatamodeld */ = {
			isa = XCVersionGroup;
			children = (
				634C370416C45FAA00E40271 /* SampleApp.xcdatamodel */,
			);
			currentVersion = 634C370416C45FAA00E40271 /* SampleApp.xcdatamodel */;
			path = SampleApp.xcdatamodeld;
			sourceTree = "<group>";
			versionGroupType = wrapper.xcdatamodel;
		};
/* End XCVersionGroup section */
	};
	rootObject = 634C36D816C45FAA00E40271 /* Project object */;
}
